{
	"name": "@jalalix/typescript",
	"version": "0.1.0",
	"lockfileVersion": 3,
	"requires": true,
	"packages": {
		"": {
			"name": "@jalalix/typescript",
			"version": "0.1.0",
			"funding": [
				{
					"type": "open_collective",
					"url": "https://opencollective.com/jalalix"
				}
			],
			"license": "MIT",
			"devDependencies": {}
		}
	}
}
